
Microsoft Visual Studio Solution File, Format Version 12.00
# Visual Studio Version 17
VisualStudioVersion = 17.1.32421.90
MinimumVisualStudioVersion = 10.0.40219.1
Project("{9A19103F-16F7-4668-BE54-9A1E7A4F7556}") = "LaMa.Game.StatsTracker.FunctionApp", "LaMa.Game.StatsTracker.FunctionApp\LaMa.Game.StatsTracker.FunctionApp.csproj", "{2D9DFDF8-6BAB-4FBA-8F54-038A25C3EA0B}"
EndProject
Project("{2150E333-8FDC-42A3-9474-1A3956D46DE8}") = "Infrastructure", "Infrastructure", "{F11E5EFE-B9AB-41FF-82CD-29A2C2EBDAE1}"
EndProject
Project("{2150E333-8FDC-42A3-9474-1A3956D46DE8}") = "StatsTracking", "StatsTracking", "{F51078B6-7AEF-4173-829C-0A7AA60B2072}"
EndProject
Project("{9A19103F-16F7-4668-BE54-9A1E7A4F7556}") = "LaMa.StatsTracking.Data", "StatsTracking\Infrastructure\LaMa.StatsTracking.Data\LaMa.StatsTracking.Data.csproj", "{990CDF66-5F65-4535-AB80-CDAFC4CDAA38}"
EndProject
Project("{9A19103F-16F7-4668-BE54-9A1E7A4F7556}") = "AAO25.Client", "StatsTracking\Infrastructure\AA250Client\AAO25.Client.csproj", "{A867FA53-E8F5-461B-8434-816F1CD6E698}"
EndProject
Project("{9A19103F-16F7-4668-BE54-9A1E7A4F7556}") = "LaMa.StatsTracking.Domain", "StatsTracking\LaMa.StatsTracking.Domain\LaMa.StatsTracking.Domain.csproj", "{1B58F658-297B-42F4-9CCD-B62C83A5AFD9}"
EndProject
Project("{2150E333-8FDC-42A3-9474-1A3956D46DE8}") = "Infrastructure", "Infrastructure", "{7405B4BA-498C-4C34-81FE-D0E5F5431AF4}"
EndProject
Project("{9A19103F-16F7-4668-BE54-9A1E7A4F7556}") = "LaMa.Game.Shared.Infrastructure", "Infrastructure\LaMa.Game.Shared.Infrastructure\LaMa.Game.Shared.Infrastructure.csproj", "{47587B43-4A3A-41EE-AF62-169384D80D03}"
EndProject
Global
	GlobalSection(SolutionConfigurationPlatforms) = preSolution
		Debug|Any CPU = Debug|Any CPU
		Release|Any CPU = Release|Any CPU
	EndGlobalSection
	GlobalSection(ProjectConfigurationPlatforms) = postSolution
		{2D9DFDF8-6BAB-4FBA-8F54-038A25C3EA0B}.Debug|Any CPU.ActiveCfg = Debug|Any CPU
		{2D9DFDF8-6BAB-4FBA-8F54-038A25C3EA0B}.Debug|Any CPU.Build.0 = Debug|Any CPU
		{2D9DFDF8-6BAB-4FBA-8F54-038A25C3EA0B}.Release|Any CPU.ActiveCfg = Release|Any CPU
		{2D9DFDF8-6BAB-4FBA-8F54-038A25C3EA0B}.Release|Any CPU.Build.0 = Release|Any CPU
		{990CDF66-5F65-4535-AB80-CDAFC4CDAA38}.Debug|Any CPU.ActiveCfg = Debug|Any CPU
		{990CDF66-5F65-4535-AB80-CDAFC4CDAA38}.Debug|Any CPU.Build.0 = Debug|Any CPU
		{990CDF66-5F65-4535-AB80-CDAFC4CDAA38}.Release|Any CPU.ActiveCfg = Release|Any CPU
		{990CDF66-5F65-4535-AB80-CDAFC4CDAA38}.Release|Any CPU.Build.0 = Release|Any CPU
		{A867FA53-E8F5-461B-8434-816F1CD6E698}.Debug|Any CPU.ActiveCfg = Debug|Any CPU
		{A867FA53-E8F5-461B-8434-816F1CD6E698}.Debug|Any CPU.Build.0 = Debug|Any CPU
		{A867FA53-E8F5-461B-8434-816F1CD6E698}.Release|Any CPU.ActiveCfg = Release|Any CPU
		{A867FA53-E8F5-461B-8434-816F1CD6E698}.Release|Any CPU.Build.0 = Release|Any CPU
		{1B58F658-297B-42F4-9CCD-B62C83A5AFD9}.Debug|Any CPU.ActiveCfg = Debug|Any CPU
		{1B58F658-297B-42F4-9CCD-B62C83A5AFD9}.Debug|Any CPU.Build.0 = Debug|Any CPU
		{1B58F658-297B-42F4-9CCD-B62C83A5AFD9}.Release|Any CPU.ActiveCfg = Release|Any CPU
		{1B58F658-297B-42F4-9CCD-B62C83A5AFD9}.Release|Any CPU.Build.0 = Release|Any CPU
		{47587B43-4A3A-41EE-AF62-169384D80D03}.Debug|Any CPU.ActiveCfg = Debug|Any CPU
		{47587B43-4A3A-41EE-AF62-169384D80D03}.Debug|Any CPU.Build.0 = Debug|Any CPU
		{47587B43-4A3A-41EE-AF62-169384D80D03}.Release|Any CPU.ActiveCfg = Release|Any CPU
		{47587B43-4A3A-41EE-AF62-169384D80D03}.Release|Any CPU.Build.0 = Release|Any CPU
	EndGlobalSection
	GlobalSection(SolutionProperties) = preSolution
		HideSolutionNode = FALSE
	EndGlobalSection
	GlobalSection(NestedProjects) = preSolution
		{F11E5EFE-B9AB-41FF-82CD-29A2C2EBDAE1} = {F51078B6-7AEF-4173-829C-0A7AA60B2072}
		{990CDF66-5F65-4535-AB80-CDAFC4CDAA38} = {F11E5EFE-B9AB-41FF-82CD-29A2C2EBDAE1}
		{A867FA53-E8F5-461B-8434-816F1CD6E698} = {F11E5EFE-B9AB-41FF-82CD-29A2C2EBDAE1}
		{1B58F658-297B-42F4-9CCD-B62C83A5AFD9} = {F51078B6-7AEF-4173-829C-0A7AA60B2072}
		{47587B43-4A3A-41EE-AF62-169384D80D03} = {7405B4BA-498C-4C34-81FE-D0E5F5431AF4}
	EndGlobalSection
	GlobalSection(ExtensibilityGlobals) = postSolution
		SolutionGuid = {1E44CC4F-6BEA-4F0A-A595-C93A2AB3E9F6}
	EndGlobalSection
EndGlobal
